version = 1
revision = 3
requires-python = "==3.13.*"

[[package]]
name = "awscrt"
version = "0.34.1"
source = { registry = "https://pypi.org/simple" }
sdist = { url = "https://files.pythonhosted.org/packages/ce/33/ed6d3c91d7b136a91eeea3bea1023e818f5f99d4fcbd8956c645a2dc6006/awscrt-0.34.1.tar.gz", hash = "sha256:a3ae8e35c3a3eefdb2a15859887a05b926d0456d21ccba1b49861cfe46bcc8c2", size = 36975094, upload-time = "2026-06-04T19:03:14.475Z" }
wheels = [
    { url = "https://files.pythonhosted.org/packages/90/34/5737d2c0d1288caa76cb8ae867d4c09a86e31fc03e4f5a9e595308763415/awscrt-0.34.1-cp311-abi3-macosx_10_15_universal2.whl", hash = "sha256:c7c9c2ef4ec0db16d871fa099158b0617b1b8aa53335b73a88830a6630945c5a", size = 5089351, upload-time = "2026-06-04T19:02:11.912Z" },
    { url = "https://files.pythonhosted.org/packages/68/0b/79c55c606d83308cfa6d78528497ab72a170494a196261d23bd92ac733e8/awscrt-0.34.1-cp311-abi3-manylinux2014_aarch64.manylinux_2_17_aarch64.whl", hash = "sha256:cc7b55bcc719c2ecf6876b8c13a4808a8dda3b19b8936329c711072adc35053c", size = 3919082, upload-time = "2026-06-04T19:02:14.239Z" },
    { url = "https://files.pythonhosted.org/packages/4b/aa/494385f153a90e734ac04597e1c69ca6f66d8579bb0383f6fc8c5aa126d6/awscrt-0.34.1-cp311-abi3-manylinux2014_x86_64.manylinux_2_17_x86_64.whl", hash = "sha256:6c696acaa421e74d7dd44962099099ae967c64c8491f797fe1ec7c32fea1c113", size = 4209970, upload-time = "2026-06-04T19:02:15.698Z" },
    { url = "https://files.pythonhosted.org/packages/5e/93/e63b09fbdef626e19edfe1bf28ac037153270bceee24327756c83c53c940/awscrt-0.34.1-cp311-abi3-musllinux_1_1_aarch64.whl", hash = "sha256:4ab254a7761bb80594eba4ecdae65ba55608dad7ae08f5c0e6876cdf339e8ffe", size = 3827246, upload-time = "2026-06-04T19:02:17.148Z" },
    { url = "https://files.pythonhosted.org/packages/6a/43/edc9a8704f84aaffc3471b69d8da565fa834e8a7f565ced659a78373eaf4/awscrt-0.34.1-cp311-abi3-musllinux_1_1_x86_64.whl", hash = "sha256:48b24b3b3de9c3392238181f4529b8d3511fee695f1852807849042681bb4922", size = 4066655, upload-time = "2026-06-04T19:02:18.411Z" },
    { url = "https://files.pythonhosted.org/packages/b9/e7/6c49160a8cc84c438cac59c2bd52f80eaf6db05da036495133349b68a351/awscrt-0.34.1-cp311-abi3-win32.whl", hash = "sha256:8356df183947a02a015b8b77ee69a1b24bddf2177db93fb063e6215265ecc33a", size = 4089039, upload-time = "2026-06-04T19:02:20.023Z" },
    { url = "https://files.pythonhosted.org/packages/74/49/8ae6a3bb2aa32e17c3b8e7ad14f9666edfa924052c22e0098ca525b110c9/awscrt-0.34.1-cp311-abi3-win_amd64.whl", hash = "sha256:40326b5fadafe679c0729f622c4a56cbcb5e91f1b0d2b84fc95f016427b11214", size = 4251132, upload-time = "2026-06-04T19:02:21.308Z" },
    { url = "https://files.pythonhosted.org/packages/80/d4/dd647d569189bc97f5110339f7ec8ee669d135408c3e2207ce74f951f284/awscrt-0.34.1-cp313-abi3-macosx_10_15_universal2.whl", hash = "sha256:3750622e9efa1af389a619573a93cf1f7e816454edbdd9c922ba78e6c292668c", size = 5088559, upload-time = "2026-06-04T19:02:22.937Z" },
    { url = "https://files.pythonhosted.org/packages/d1/c6/6ae127a3ca3ac9e7e4bd2c351be78856d0fe4b9a094cf9163e5f9ba30d76/awscrt-0.34.1-cp313-abi3-manylinux2014_aarch64.manylinux_2_17_aarch64.whl", hash = "sha256:6eccf12282f773f2d29ef0bb16c3b973976c578ea617d84a8c1d523509d2b5a4", size = 3909549, upload-time = "2026-06-04T19:02:24.62Z" },
    { url = "https://files.pythonhosted.org/packages/e4/8f/93df8d004dee2afb938111de203e4534101326c1affc1452eb8d6fb73da9/awscrt-0.34.1-cp313-abi3-manylinux2014_x86_64.manylinux_2_17_x86_64.whl", hash = "sha256:5a39a0c2fed3b7354053b70a4a62428fa40834c9e9ac8570c8b39d3868645bc7", size = 4202624, upload-time = "2026-06-04T19:02:26.003Z" },
    { url = "https://files.pythonhosted.org/packages/70/f0/b0d96a536c582724aa5ebcfbe03a0c0283adb9379a31465076b8988416cd/awscrt-0.34.1-cp313-abi3-musllinux_1_1_aarch64.whl", hash = "sha256:775405da040f8f5223870c389e6b37ad2909849d76a1f028fc713ad1c07889f8", size = 3818941, upload-time = "2026-06-04T19:02:27.398Z" },
    { url = "https://files.pythonhosted.org/packages/f1/16/92c10101b3f4c10e8d8d6b3ce8b6bd1254cff4c1925244c4e872026c17a4/awscrt-0.34.1-cp313-abi3-musllinux_1_1_x86_64.whl", hash = "sha256:d88cc48538efabbf2b6643c13a8b63a758dcf40eeb0405f6ba4066ae4d361866", size = 4061435, upload-time = "2026-06-04T19:02:28.824Z" },
    { url = "https://files.pythonhosted.org/packages/57/cf/9f1610d5a4d8ed6c5062fea66d9c5bfda6fa354690b6c2121966b1be24b5/awscrt-0.34.1-cp313-abi3-win32.whl", hash = "sha256:534e0d9b415c50395b0602bb5bbc3b506fc36184859d4b6de18642384e46cb17", size = 4087600, upload-time = "2026-06-04T19:02:30.431Z" },
    { url = "https://files.pythonhosted.org/packages/4e/0f/5ac6d4b372cddc9dee02892e2a0ed676fe099d1740b2e5de253f6d9d4825/awscrt-0.34.1-cp313-abi3-win_amd64.whl", hash = "sha256:c680afe517ca09846d6b2abeeb44d37b935f575013afa34d8295fee95cce0b78", size = 4245466, upload-time = "2026-06-04T19:02:31.918Z" },
    { url = "https://files.pythonhosted.org/packages/de/1e/ce97fee2fe477e382f68f70f42846ca8d5b1d908f66e900b45334b9549b8/awscrt-0.34.1-cp313-cp313t-macosx_10_15_universal2.whl", hash = "sha256:b320bbbd70599d55c719f6a1201f0db51fbbdfc08d885ee17d2e553c06d2770d", size = 5097627, upload-time = "2026-06-04T19:02:33.41Z" },
    { url = "https://files.pythonhosted.org/packages/a1/c0/dc5bba8ae0c16965680ca1bf9fffb4914a43076ae8f9a5012db5b822610d/awscrt-0.34.1-cp313-cp313t-musllinux_1_1_aarch64.whl", hash = "sha256:3f58fb121531fd9d85ff3f1975cabe8b7de2f31d460d6de4f5a624177b4005d7", size = 3958448, upload-time = "2026-06-04T19:02:35.085Z" },
    { url = "https://files.pythonhosted.org/packages/6f/ac/71d009408421a48185f6672f830c49909f3dd076de1984f449dd3085a121/awscrt-0.34.1-cp313-cp313t-musllinux_1_1_x86_64.whl", hash = "sha256:d96bf355138073d5ecd8df68521c73181968fea82ee38e8aed523eb94ff73131", size = 4198705, upload-time = "2026-06-04T19:02:36.489Z" },
    { url = "https://files.pythonhosted.org/packages/2e/e0/e6cbbbcd71d9498a2cf3a9cce5df14320110d73e4aa6e3180c9029883eb5/awscrt-0.34.1-cp313-cp313t-win32.whl", hash = "sha256:9229d146f94c576778e5f4b41c0254800c8c6ad005f25b20fe07da9df976ce96", size = 4142609, upload-time = "2026-06-04T19:02:38.1Z" },
    { url = "https://files.pythonhosted.org/packages/8f/8a/c5b32222debb90cb5aa2858dd7766bb060fe3b6ce4356349b23f71570020/awscrt-0.34.1-cp313-cp313t-win_amd64.whl", hash = "sha256:f8b54977cf53539e68ff2c9ad2f51bb4bee7f2e72060037482262913e75499b0", size = 4300595, upload-time = "2026-06-04T19:02:39.821Z" },
]

[[package]]
name = "awsiotsdk"
version = "1.30.0"
source = { registry = "https://pypi.org/simple" }
dependencies = [
    { name = "awscrt" },
]
sdist = { url = "https://files.pythonhosted.org/packages/9d/02/7340313e57aa69180deb8c6f4c7ea9887609d2012c22fc4e05d08d20e5e9/awsiotsdk-1.30.0.tar.gz", hash = "sha256:3407abdbcb6718010784bda00860c90e0c4400be1d7f511c6802e4a37861e8b7", size = 93414, upload-time = "2026-06-11T18:26:56.957Z" }
wheels = [
    { url = "https://files.pythonhosted.org/packages/47/cb/3df545b6812c53b89eab27a7b57eeb3344bc3ee70a50fbf948f88a7c1ff8/awsiotsdk-1.30.0-py3-none-any.whl", hash = "sha256:64e45f1d4e6c224a96f5b2178ee166212416cd066300a77507761b87db18736c", size = 81098, upload-time = "2026-06-11T18:26:55.804Z" },
]

[[package]]
name = "boto3"
version = "1.43.49"
source = { registry = "https://pypi.org/simple" }
dependencies = [
    { name = "botocore" },
    { name = "jmespath" },
    { name = "s3transfer" },
]
sdist = { url = "https://files.pythonhosted.org/packages/2d/2c/e9a853d4ca66f7ce1bf820674bcd9e6dd1934c27a4c545c67d3b69338d9b/boto3-1.43.49.tar.gz", hash = "sha256:e58e0704805f720b94e40a56588eadd6da05d3693bde78b573116b11ae56710f", size = 112755, upload-time = "2026-07-15T19:32:17.777Z" }
wheels = [
    { url = "https://files.pythonhosted.org/packages/a3/08/73efb432f9da880deb91eded8ed41d23f03ec7ac47af9b8ecf884f276876/boto3-1.43.49-py3-none-any.whl", hash = "sha256:2b31ab1a0eb1cee01d0363b8ee5e68b45dff2c8f99e7b53aca11c9f7b591a794", size = 140033, upload-time = "2026-07-15T19:32:16.483Z" },
]

[[package]]
name = "botocore"
version = "1.43.49"
source = { registry = "https://pypi.org/simple" }
dependencies = [
    { name = "jmespath" },
    { name = "python-dateutil" },
    { name = "urllib3" },
]
sdist = { url = "https://files.pythonhosted.org/packages/bc/2c/da2832f435371cd6c95b64325f981b3babe71e4aa4a71798b00ce2073100/botocore-1.43.49.tar.gz", hash = "sha256:7de02863c95b8008b1400c92a1a00996f25ad38944c07f7b620949f8798d1fdf", size = 15708260, upload-time = "2026-07-15T19:32:08.14Z" }
wheels = [
    { url = "https://files.pythonhosted.org/packages/2b/21/29bf66d513bca978c9506060c44eaf6df3210bd7773bf94beaed1ce56d18/botocore-1.43.49-py3-none-any.whl", hash = "sha256:16b6838ac2fbbab85fb265c1f2e37906527aca07f461b1d293d3f8ab82f992dc", size = 15393460, upload-time = "2026-07-15T19:32:05.355Z" },
]

[[package]]
name = "homehub-device-simulator"
version = "0.1.0"
source = { editable = "." }
dependencies = [
    { name = "awscrt" },
    { name = "awsiotsdk" },
    { name = "boto3" },
]

[package.metadata]
requires-dist = [
    { name = "awscrt", specifier = ">=0.23.0" },
    { name = "awsiotsdk", specifier = ">=1.22.0" },
    { name = "boto3", specifier = ">=1.35.0" },
]

[[package]]
name = "jmespath"
version = "1.1.0"
source = { registry = "https://pypi.org/simple" }
sdist = { url = "https://files.pythonhosted.org/packages/d3/59/322338183ecda247fb5d1763a6cbe46eff7222eaeebafd9fa65d4bf5cb11/jmespath-1.1.0.tar.gz", hash = "sha256:472c87d80f36026ae83c6ddd0f1d05d4e510134ed462851fd5f754c8c3cbb88d", size = 27377, upload-time = "2026-01-22T16:35:26.279Z" }
wheels = [
    { url = "https://files.pythonhosted.org/packages/14/2f/967ba146e6d58cf6a652da73885f52fc68001525b4197effc174321d70b4/jmespath-1.1.0-py3-none-any.whl", hash = "sha256:a5663118de4908c91729bea0acadca56526eb2698e83de10cd116ae0f4e97c64", size = 20419, upload-time = "2026-01-22T16:35:24.919Z" },
]

[[package]]
name = "python-dateutil"
version = "2.9.0.post0"
source = { registry = "https://pypi.org/simple" }
dependencies = [
    { name = "six" },
]
sdist = { url = "https://files.pythonhosted.org/packages/66/c0/0c8b6ad9f17a802ee498c46e004a0eb49bc148f2fd230864601a86dcf6db/python-dateutil-2.9.0.post0.tar.gz", hash = "sha256:37dd54208da7e1cd875388217d5e00ebd4179249f90fb72437e91a35459a0ad3", size = 342432, upload-time = "2024-03-01T18:36:20.211Z" }
wheels = [
    { url = "https://files.pythonhosted.org/packages/ec/57/56b9bcc3c9c6a792fcbaf139543cee77261f3651ca9da0c93f5c1221264b/python_dateutil-2.9.0.post0-py2.py3-none-any.whl", hash = "sha256:a8b2bc7bffae282281c8140a97d3aa9c14da0b136dfe83f850eea9a5f7470427", size = 229892, upload-time = "2024-03-01T18:36:18.57Z" },
]

[[package]]
name = "s3transfer"
version = "0.19.1"
source = { registry = "https://pypi.org/simple" }
dependencies = [
    { name = "botocore" },
]
sdist = { url = "https://files.pythonhosted.org/packages/65/da/4bef7ce7bb989b222aa4785a413896dbec53306dfc59c6ce7d16a7ffbd6a/s3transfer-0.19.1.tar.gz", hash = "sha256:d3d6371dc3f1e5c5427b2b457bcf13bcf87bec334c95aed18642eae61f6926f3", size = 165354, upload-time = "2026-07-10T19:32:04.849Z" }
wheels = [
    { url = "https://files.pythonhosted.org/packages/24/23/e84c64ad0e8bc59cd1b2ef98def848deff0ef3456c542afe74d51e9e8c85/s3transfer-0.19.1-py3-none-any.whl", hash = "sha256:d5fd7005ee39307455ad5f310b5ea67f4b1960d7fed5b3671ee50c249de675de", size = 90072, upload-time = "2026-07-10T19:32:03.673Z" },
]

[[package]]
name = "six"
version = "1.17.0"
source = { registry = "https://pypi.org/simple" }
sdist = { url = "https://files.pythonhosted.org/packages/94/e7/b2c673351809dca68a0e064b6af791aa332cf192da575fd474ed7d6f16a2/six-1.17.0.tar.gz", hash = "sha256:ff70335d468e7eb6ec65b95b99d3a2836546063f63acc5171de367e834932a81", size = 34031, upload-time = "2024-12-04T17:35:28.174Z" }
wheels = [
    { url = "https://files.pythonhosted.org/packages/b7/ce/149a00dd41f10bc29e5921b496af8b574d8413afcd5e30dfa0ed46c2cc5e/six-1.17.0-py2.py3-none-any.whl", hash = "sha256:4721f391ed90541fddacab5acf947aa0d3dc7d27b2e1e8eda2be8970586c3274", size = 11050, upload-time = "2024-12-04T17:35:26.475Z" },
]

[[package]]
name = "urllib3"
version = "2.7.0"
source = { registry = "https://pypi.org/simple" }
sdist = { url = "https://files.pythonhosted.org/packages/53/0c/06f8b233b8fd13b9e5ee11424ef85419ba0d8ba0b3138bf360be2ff56953/urllib3-2.7.0.tar.gz", hash = "sha256:231e0ec3b63ceb14667c67be60f2f2c40a518cb38b03af60abc813da26505f4c", size = 433602, upload-time = "2026-05-07T16:13:18.596Z" }
wheels = [
    { url = "https://files.pythonhosted.org/packages/7f/3e/5db95bcf282c52709639744ca2a8b149baccf648e39c8cc87553df9eae0c/urllib3-2.7.0-py3-none-any.whl", hash = "sha256:9fb4c81ebbb1ce9531cce37674bbc6f1360472bc18ca9a553ede278ef7276897", size = 131087, upload-time = "2026-05-07T16:13:17.151Z" },
]
